
Microsoft Visual Studio Solution File, Format Version 12.00
# Visual Studio Version 17
VisualStudioVersion = 17.3.32804.467
MinimumVisualStudioVersion = 10.0.40219.1
Project("{FAE04EC0-301F-11D3-BF4B-00C04F79EFBC}") = "PClasse_Pessoa", "PClasse_Pessoa\PClasse_Pessoa.csproj", "{125E5807-D7B6-43D3-AAE4-AC9FD8DC383A}"
EndProject
Global
	GlobalSection(SolutionConfigurationPlatforms) = preSolution
		Debug|Any CPU = Debug|Any CPU
		Release|Any CPU = Release|Any CPU
	EndGlobalSection
	GlobalSection(ProjectConfigurationPlatforms) = postSolution
		{125E5807-D7B6-43D3-AAE4-AC9FD8DC383A}.Debug|Any CPU.ActiveCfg = Debug|Any CPU
		{125E5807-D7B6-43D3-AAE4-AC9FD8DC383A}.Debug|Any CPU.Build.0 = Debug|Any CPU
		{125E5807-D7B6-43D3-AAE4-AC9FD8DC383A}.Release|Any CPU.ActiveCfg = Release|Any CPU
		{125E5807-D7B6-43D3-AAE4-AC9FD8DC383A}.Release|Any CPU.Build.0 = Release|Any CPU
	EndGlobalSection
	GlobalSection(SolutionProperties) = preSolution
		HideSolutionNode = FALSE
	EndGlobalSection
	GlobalSection(ExtensibilityGlobals) = postSolution
		SolutionGuid = {17826229-B60A-44FA-B066-18AB9C47BDD5}
	EndGlobalSection
EndGlobal
